
Microsoft Visual Studio Solution File, Format Version 12.00
# Visual Studio Version 16
VisualStudioVersion = 16.0.31702.278
MinimumVisualStudioVersion = 10.0.40219.1
Project("{FAE04EC0-301F-11D3-BF4B-00C04F79EFBC}") = "SysMainProcess", "NET Framework\SysMainProcessNETF\SysMainProcess.csproj", "{9E495030-2BF5-44DC-98D5-D19525B540C4}"
EndProject
Global
	GlobalSection(SolutionConfigurationPlatforms) = preSolution
		Debug|Any CPU = Debug|Any CPU
		Release|Any CPU = Release|Any CPU
	EndGlobalSection
	GlobalSection(ProjectConfigurationPlatforms) = postSolution
		{9E495030-2BF5-44DC-98D5-D19525B540C4}.Debug|Any CPU.ActiveCfg = Release|Any CPU
		{9E495030-2BF5-44DC-98D5-D19525B540C4}.Debug|Any CPU.Build.0 = Release|Any CPU
		{9E495030-2BF5-44DC-98D5-D19525B540C4}.Release|Any CPU.ActiveCfg = Release|Any CPU
		{9E495030-2BF5-44DC-98D5-D19525B540C4}.Release|Any CPU.Build.0 = Release|Any CPU
	EndGlobalSection
	GlobalSection(SolutionProperties) = preSolution
		HideSolutionNode = FALSE
	EndGlobalSection
	GlobalSection(ExtensibilityGlobals) = postSolution
		SolutionGuid = {58141C81-F401-44D6-9C9E-397372C14EA7}
	EndGlobalSection
EndGlobal
